
Microsoft Visual Studio Solution File, Format Version 12.00
# Visual Studio Version 17
VisualStudioVersion = 17.0.31903.59
MinimumVisualStudioVersion = 10.0.40219.1
Project("{9A19103F-16F7-4668-BE54-9A1E7A4F7556}") = "Api", "Api\Api.csproj", "{6FF10EA0-B166-442C-A301-54690E58316B}"
EndProject
Project("{9A19103F-16F7-4668-BE54-9A1E7A4F7556}") = "Web", "Web\Web.csproj", "{4DA3C3E0-36A3-4260-8295-0AD899F70A99}"
EndProject
Project("{9A19103F-16F7-4668-BE54-9A1E7A4F7556}") = "Common", "Common\Common.csproj", "{50F55B09-16DB-462F-A20C-C77D4076798F}"
EndProject
Project("{FAE04EC0-301F-11D3-BF4B-00C04F79EFBC}") = "Weather.Aspire.AppHost", "Weather.Aspire\Weather.Aspire.AppHost\Weather.Aspire.AppHost.csproj", "{EEA1A153-2369-42BF-9959-331C4CFBB8E5}"
EndProject
Project("{9A19103F-16F7-4668-BE54-9A1E7A4F7556}") = "Weather.Aspire.ServiceDefaults", "Weather.Aspire\Weather.Aspire.ServiceDefaults\Weather.Aspire.ServiceDefaults.csproj", "{F08454BB-B9F1-4320-AFFC-CA66BDA3920C}"
EndProject
Global
	GlobalSection(SolutionConfigurationPlatforms) = preSolution
		Debug|Any CPU = Debug|Any CPU
		Release|Any CPU = Release|Any CPU
	EndGlobalSection
	GlobalSection(ProjectConfigurationPlatforms) = postSolution
		{6FF10EA0-B166-442C-A301-54690E58316B}.Debug|Any CPU.ActiveCfg = Debug|Any CPU
		{6FF10EA0-B166-442C-A301-54690E58316B}.Debug|Any CPU.Build.0 = Debug|Any CPU
		{6FF10EA0-B166-442C-A301-54690E58316B}.Release|Any CPU.ActiveCfg = Release|Any CPU
		{6FF10EA0-B166-442C-A301-54690E58316B}.Release|Any CPU.Build.0 = Release|Any CPU
		{4DA3C3E0-36A3-4260-8295-0AD899F70A99}.Debug|Any CPU.ActiveCfg = Debug|Any CPU
		{4DA3C3E0-36A3-4260-8295-0AD899F70A99}.Debug|Any CPU.Build.0 = Debug|Any CPU
		{4DA3C3E0-36A3-4260-8295-0AD899F70A99}.Release|Any CPU.ActiveCfg = Release|Any CPU
		{4DA3C3E0-36A3-4260-8295-0AD899F70A99}.Release|Any CPU.Build.0 = Release|Any CPU
		{50F55B09-16DB-462F-A20C-C77D4076798F}.Debug|Any CPU.ActiveCfg = Debug|Any CPU
		{50F55B09-16DB-462F-A20C-C77D4076798F}.Debug|Any CPU.Build.0 = Debug|Any CPU
		{50F55B09-16DB-462F-A20C-C77D4076798F}.Release|Any CPU.ActiveCfg = Release|Any CPU
		{50F55B09-16DB-462F-A20C-C77D4076798F}.Release|Any CPU.Build.0 = Release|Any CPU
		{EEA1A153-2369-42BF-9959-331C4CFBB8E5}.Debug|Any CPU.ActiveCfg = Debug|Any CPU
		{EEA1A153-2369-42BF-9959-331C4CFBB8E5}.Debug|Any CPU.Build.0 = Debug|Any CPU
		{EEA1A153-2369-42BF-9959-331C4CFBB8E5}.Release|Any CPU.ActiveCfg = Release|Any CPU
		{EEA1A153-2369-42BF-9959-331C4CFBB8E5}.Release|Any CPU.Build.0 = Release|Any CPU
		{F08454BB-B9F1-4320-AFFC-CA66BDA3920C}.Debug|Any CPU.ActiveCfg = Debug|Any CPU
		{F08454BB-B9F1-4320-AFFC-CA66BDA3920C}.Debug|Any CPU.Build.0 = Debug|Any CPU
		{F08454BB-B9F1-4320-AFFC-CA66BDA3920C}.Release|Any CPU.ActiveCfg = Release|Any CPU
		{F08454BB-B9F1-4320-AFFC-CA66BDA3920C}.Release|Any CPU.Build.0 = Release|Any CPU
	EndGlobalSection
	GlobalSection(SolutionProperties) = preSolution
		HideSolutionNode = FALSE
	EndGlobalSection
	GlobalSection(ExtensibilityGlobals) = postSolution
		SolutionGuid = {D4C40EC0-3B58-47FC-A616-73055BA6EF55}
	EndGlobalSection
EndGlobal
